
Microsoft Visual Studio Solution File, Format Version 12.00
# Visual Studio Version 16
VisualStudioVersion = 16.0.30225.117
MinimumVisualStudioVersion = 10.0.40219.1
Project("{FAE04EC0-301F-11D3-BF4B-00C04F79EFBC}") = "Paypal-FW461", "Paypal-FW461\Paypal-FW461.csproj", "{826B7427-815B-4ADD-AF99-6CCB6CA7D9E0}"
EndProject
Global
	GlobalSection(SolutionConfigurationPlatforms) = preSolution
		Debug|Any CPU = Debug|Any CPU
		Release|Any CPU = Release|Any CPU
	EndGlobalSection
	GlobalSection(ProjectConfigurationPlatforms) = postSolution
		{826B7427-815B-4ADD-AF99-6CCB6CA7D9E0}.Debug|Any CPU.ActiveCfg = Debug|Any CPU
		{826B7427-815B-4ADD-AF99-6CCB6CA7D9E0}.Debug|Any CPU.Build.0 = Debug|Any CPU
		{826B7427-815B-4ADD-AF99-6CCB6CA7D9E0}.Release|Any CPU.ActiveCfg = Release|Any CPU
		{826B7427-815B-4ADD-AF99-6CCB6CA7D9E0}.Release|Any CPU.Build.0 = Release|Any CPU
	EndGlobalSection
	GlobalSection(SolutionProperties) = preSolution
		HideSolutionNode = FALSE
	EndGlobalSection
	GlobalSection(ExtensibilityGlobals) = postSolution
		SolutionGuid = {6166EFBF-A3CD-4ED8-958B-EB21CEBE7422}
	EndGlobalSection
EndGlobal
